
Microsoft Visual Studio Solution File, Format Version 12.00
# Visual Studio Version 16
VisualStudioVersion = 16.0.36631.11
MinimumVisualStudioVersion = 10.0.40219.1
Project("{FAE04EC0-301F-11D3-BF4B-00C04F79EFBC}") = "StalkerBlackSun", "StalkerBlackSun\StalkerBlackSun.csproj", "{52175964-BEEE-45C9-A337-138610A6509B}"
EndProject
Global
	GlobalSection(SolutionConfigurationPlatforms) = preSolution
		Debug|Any CPU = Debug|Any CPU
		Release|Any CPU = Release|Any CPU
	EndGlobalSection
	GlobalSection(ProjectConfigurationPlatforms) = postSolution
		{52175964-BEEE-45C9-A337-138610A6509B}.Debug|Any CPU.ActiveCfg = Debug|Any CPU
		{52175964-BEEE-45C9-A337-138610A6509B}.Debug|Any CPU.Build.0 = Debug|Any CPU
		{52175964-BEEE-45C9-A337-138610A6509B}.Release|Any CPU.ActiveCfg = Release|Any CPU
		{52175964-BEEE-45C9-A337-138610A6509B}.Release|Any CPU.Build.0 = Release|Any CPU
	EndGlobalSection
	GlobalSection(SolutionProperties) = preSolution
		HideSolutionNode = FALSE
	EndGlobalSection
	GlobalSection(ExtensibilityGlobals) = postSolution
		SolutionGuid = {F11046F8-2CCF-4983-AE8C-7028AAC1130A}
	EndGlobalSection
EndGlobal
